
Microsoft Visual Studio Solution File, Format Version 12.00
# Visual Studio Version 16
VisualStudioVersion = 16.0.29324.140
MinimumVisualStudioVersion = 10.0.40219.1
Project("{9A19103F-16F7-4668-BE54-9A1E7A4F7556}") = "CertificateAuthority", "CertificateAuthority\CertificateAuthority.csproj", "{871DAA2B-24CA-4B7D-A394-72CED604E278}"
EndProject
Project("{9A19103F-16F7-4668-BE54-9A1E7A4F7556}") = "CertificateAuthority.Tests", "CertificateAuthority.Tests\CertificateAuthority.Tests.csproj", "{A2510539-E1A5-427C-A529-CD92070B9A5F}"
EndProject
Project("{FAE04EC0-301F-11D3-BF4B-00C04F79EFBC}") = "CertificateAuthority.Client", "CertificateAuthority.Client\CertificateAuthority.Client.csproj", "{A872578A-1015-45EE-91DC-D75C197AAC47}"
EndProject
Global
	GlobalSection(SolutionConfigurationPlatforms) = preSolution
		Debug|Any CPU = Debug|Any CPU
		Release|Any CPU = Release|Any CPU
	EndGlobalSection
	GlobalSection(ProjectConfigurationPlatforms) = postSolution
		{871DAA2B-24CA-4B7D-A394-72CED604E278}.Debug|Any CPU.ActiveCfg = Debug|Any CPU
		{871DAA2B-24CA-4B7D-A394-72CED604E278}.Debug|Any CPU.Build.0 = Debug|Any CPU
		{871DAA2B-24CA-4B7D-A394-72CED604E278}.Release|Any CPU.ActiveCfg = Release|Any CPU
		{871DAA2B-24CA-4B7D-A394-72CED604E278}.Release|Any CPU.Build.0 = Release|Any CPU
		{A2510539-E1A5-427C-A529-CD92070B9A5F}.Debug|Any CPU.ActiveCfg = Debug|Any CPU
		{A2510539-E1A5-427C-A529-CD92070B9A5F}.Debug|Any CPU.Build.0 = Debug|Any CPU
		{A2510539-E1A5-427C-A529-CD92070B9A5F}.Release|Any CPU.ActiveCfg = Release|Any CPU
		{A2510539-E1A5-427C-A529-CD92070B9A5F}.Release|Any CPU.Build.0 = Release|Any CPU
		{A872578A-1015-45EE-91DC-D75C197AAC47}.Debug|Any CPU.ActiveCfg = Debug|Any CPU
		{A872578A-1015-45EE-91DC-D75C197AAC47}.Debug|Any CPU.Build.0 = Debug|Any CPU
		{A872578A-1015-45EE-91DC-D75C197AAC47}.Release|Any CPU.ActiveCfg = Release|Any CPU
		{A872578A-1015-45EE-91DC-D75C197AAC47}.Release|Any CPU.Build.0 = Release|Any CPU
	EndGlobalSection
	GlobalSection(SolutionProperties) = preSolution
		HideSolutionNode = FALSE
	EndGlobalSection
	GlobalSection(ExtensibilityGlobals) = postSolution
		SolutionGuid = {4F78BD0A-5051-440C-A012-D52162AB3D22}
	EndGlobalSection
EndGlobal
